
Microsoft Visual Studio Solution File, Format Version 12.00
# Visual Studio Version 17
VisualStudioVersion = 17.0.32112.339
MinimumVisualStudioVersion = 10.0.40219.1
Project("{FAE04EC0-301F-11D3-BF4B-00C04F79EFBC}") = "TcpServer", "TcpServer\TcpServer.csproj", "{1F8A887F-CEF0-40DC-9C1A-E6F31E14ABB5}"
EndProject
Global
	GlobalSection(SolutionConfigurationPlatforms) = preSolution
		Debug|Any CPU = Debug|Any CPU
		Release|Any CPU = Release|Any CPU
	EndGlobalSection
	GlobalSection(ProjectConfigurationPlatforms) = postSolution
		{1F8A887F-CEF0-40DC-9C1A-E6F31E14ABB5}.Debug|Any CPU.ActiveCfg = Debug|Any CPU
		{1F8A887F-CEF0-40DC-9C1A-E6F31E14ABB5}.Debug|Any CPU.Build.0 = Debug|Any CPU
		{1F8A887F-CEF0-40DC-9C1A-E6F31E14ABB5}.Release|Any CPU.ActiveCfg = Release|Any CPU
		{1F8A887F-CEF0-40DC-9C1A-E6F31E14ABB5}.Release|Any CPU.Build.0 = Release|Any CPU
	EndGlobalSection
	GlobalSection(SolutionProperties) = preSolution
		HideSolutionNode = FALSE
	EndGlobalSection
	GlobalSection(ExtensibilityGlobals) = postSolution
		SolutionGuid = {947BCBDE-F98D-4476-B51D-62046C3E6683}
	EndGlobalSection
EndGlobal
